
Microsoft Visual Studio Solution File, Format Version 12.00
# Visual Studio Version 17
VisualStudioVersion = 17.14.37203.1
MinimumVisualStudioVersion = 10.0.40219.1
Project("{8BC9CEB8-8B4A-11D0-8D11-00A0C91BC942}") = "KPAM", "KPAM\KPAM.vcxproj", "{76F03B57-E803-F274-4424-003DCAC0139A}"
EndProject
Project("{8BC9CEB8-8B4A-11D0-8D11-00A0C91BC942}") = "Client", "Client\Client.vcxproj", "{C5268EF0-1F09-421A-9DDF-63037BE817D1}"
EndProject
Global
	GlobalSection(SolutionConfigurationPlatforms) = preSolution
		Debug|ARM64 = Debug|ARM64
		Debug|x64 = Debug|x64
		Release|ARM64 = Release|ARM64
		Release|x64 = Release|x64
	EndGlobalSection
	GlobalSection(ProjectConfigurationPlatforms) = postSolution
		{76F03B57-E803-F274-4424-003DCAC0139A}.Debug|ARM64.ActiveCfg = Debug|ARM64
		{76F03B57-E803-F274-4424-003DCAC0139A}.Debug|ARM64.Build.0 = Debug|ARM64
		{76F03B57-E803-F274-4424-003DCAC0139A}.Debug|ARM64.Deploy.0 = Debug|ARM64
		{76F03B57-E803-F274-4424-003DCAC0139A}.Debug|x64.ActiveCfg = Debug|x64
		{76F03B57-E803-F274-4424-003DCAC0139A}.Debug|x64.Build.0 = Debug|x64
		{76F03B57-E803-F274-4424-003DCAC0139A}.Debug|x64.Deploy.0 = Debug|x64
		{76F03B57-E803-F274-4424-003DCAC0139A}.Release|ARM64.ActiveCfg = Release|ARM64
		{76F03B57-E803-F274-4424-003DCAC0139A}.Release|ARM64.Build.0 = Release|ARM64
		{76F03B57-E803-F274-4424-003DCAC0139A}.Release|ARM64.Deploy.0 = Release|ARM64
		{76F03B57-E803-F274-4424-003DCAC0139A}.Release|x64.ActiveCfg = Release|x64
		{76F03B57-E803-F274-4424-003DCAC0139A}.Release|x64.Build.0 = Release|x64
		{76F03B57-E803-F274-4424-003DCAC0139A}.Release|x64.Deploy.0 = Release|x64
		{C5268EF0-1F09-421A-9DDF-63037BE817D1}.Debug|ARM64.ActiveCfg = Debug|x64
		{C5268EF0-1F09-421A-9DDF-63037BE817D1}.Debug|ARM64.Build.0 = Debug|x64
		{C5268EF0-1F09-421A-9DDF-63037BE817D1}.Debug|x64.ActiveCfg = Debug|x64
		{C5268EF0-1F09-421A-9DDF-63037BE817D1}.Debug|x64.Build.0 = Debug|x64
		{C5268EF0-1F09-421A-9DDF-63037BE817D1}.Release|ARM64.ActiveCfg = Release|x64
		{C5268EF0-1F09-421A-9DDF-63037BE817D1}.Release|ARM64.Build.0 = Release|x64
		{C5268EF0-1F09-421A-9DDF-63037BE817D1}.Release|x64.ActiveCfg = Release|x64
		{C5268EF0-1F09-421A-9DDF-63037BE817D1}.Release|x64.Build.0 = Release|x64
	EndGlobalSection
	GlobalSection(SolutionProperties) = preSolution
		HideSolutionNode = FALSE
	EndGlobalSection
	GlobalSection(ExtensibilityGlobals) = postSolution
		SolutionGuid = {C06A7CA1-10AB-42AA-B143-2140C1F67D4D}
	EndGlobalSection
EndGlobal
